
Microsoft Visual Studio Solution File, Format Version 9.00
# Visual Studio 2005
Project("{FAE04EC0-301F-11D3-BF4B-00C04F79EFBC}") = "ProcessingApplication1", "ProcessingApplication1.csproj", "{B67E350C-E95F-4B3F-BDCA-F306EDB1CD32}"
EndProject
Global
	GlobalSection(SolutionConfigurationPlatforms) = preSolution
		Debug|Any CPU = Debug|Any CPU
		Release|Any CPU = Release|Any CPU
	EndGlobalSection
	GlobalSection(ProjectConfigurationPlatforms) = postSolution
		{B67E350C-E95F-4B3F-BDCA-F306EDB1CD32}.Debug|Any CPU.ActiveCfg = Debug|Any CPU
		{B67E350C-E95F-4B3F-BDCA-F306EDB1CD32}.Debug|Any CPU.Build.0 = Debug|Any CPU
		{B67E350C-E95F-4B3F-BDCA-F306EDB1CD32}.Release|Any CPU.ActiveCfg = Release|Any CPU
		{B67E350C-E95F-4B3F-BDCA-F306EDB1CD32}.Release|Any CPU.Build.0 = Release|Any CPU
	EndGlobalSection
	GlobalSection(SolutionProperties) = preSolution
		HideSolutionNode = FALSE
	EndGlobalSection
EndGlobal
