
Microsoft Visual Studio Solution File, Format Version 9.00
# Visual Studio 2005
Project("{FAE04EC0-301F-11D3-BF4B-00C04F79EFBC}") = "TargetService", "TargetService\TargetService.csproj", "{2981B502-1B24-498C-888C-D58B8E08164D}"
EndProject
Project("{FAE04EC0-301F-11D3-BF4B-00C04F79EFBC}") = "ServiceBrokerInterface", "ServiceBrokerInterface\ServiceBrokerInterface.csproj", "{00683377-A75F-47EB-8934-1484D6480877}"
EndProject
Global
	GlobalSection(SolutionConfigurationPlatforms) = preSolution
		Debug|Any CPU = Debug|Any CPU
		Release|Any CPU = Release|Any CPU
	EndGlobalSection
	GlobalSection(ProjectConfigurationPlatforms) = postSolution
		{2981B502-1B24-498C-888C-D58B8E08164D}.Debug|Any CPU.ActiveCfg = Debug|Any CPU
		{2981B502-1B24-498C-888C-D58B8E08164D}.Debug|Any CPU.Build.0 = Debug|Any CPU
		{2981B502-1B24-498C-888C-D58B8E08164D}.Release|Any CPU.ActiveCfg = Release|Any CPU
		{2981B502-1B24-498C-888C-D58B8E08164D}.Release|Any CPU.Build.0 = Release|Any CPU
		{00683377-A75F-47EB-8934-1484D6480877}.Debug|Any CPU.ActiveCfg = Debug|Any CPU
		{00683377-A75F-47EB-8934-1484D6480877}.Debug|Any CPU.Build.0 = Debug|Any CPU
		{00683377-A75F-47EB-8934-1484D6480877}.Release|Any CPU.ActiveCfg = Release|Any CPU
		{00683377-A75F-47EB-8934-1484D6480877}.Release|Any CPU.Build.0 = Release|Any CPU
	EndGlobalSection
	GlobalSection(SolutionProperties) = preSolution
		HideSolutionNode = FALSE
	EndGlobalSection
EndGlobal
