
Microsoft Visual Studio Solution File, Format Version 9.00
# Visual Studio 2005
Project("{FAE04EC0-301F-11D3-BF4B-00C04F79EFBC}") = "ConsoleApplication1", "ConsoleApplication1\ConsoleApplication1.csproj", "{20A484CD-3784-40C7-B571-FC12EAD0B74F}"
EndProject
Global
	GlobalSection(SolutionConfigurationPlatforms) = preSolution
		Debug|Any CPU = Debug|Any CPU
		Release|Any CPU = Release|Any CPU
	EndGlobalSection
	GlobalSection(ProjectConfigurationPlatforms) = postSolution
		{20A484CD-3784-40C7-B571-FC12EAD0B74F}.Debug|Any CPU.ActiveCfg = Debug|Any CPU
		{20A484CD-3784-40C7-B571-FC12EAD0B74F}.Debug|Any CPU.Build.0 = Debug|Any CPU
		{20A484CD-3784-40C7-B571-FC12EAD0B74F}.Release|Any CPU.ActiveCfg = Release|Any CPU
		{20A484CD-3784-40C7-B571-FC12EAD0B74F}.Release|Any CPU.Build.0 = Release|Any CPU
	EndGlobalSection
	GlobalSection(SolutionProperties) = preSolution
		HideSolutionNode = FALSE
	EndGlobalSection
EndGlobal
