
Microsoft Visual Studio Solution File, Format Version 9.00
# Visual Studio 2005
Project("{FAE04EC0-301F-11D3-BF4B-00C04F79EFBC}") = "ServiceBrokerInterface", "ServiceBrokerInterface\ServiceBrokerInterface.csproj", "{00683377-A75F-47EB-8934-1484D6480877}"
EndProject
Project("{FAE04EC0-301F-11D3-BF4B-00C04F79EFBC}") = "AsynchronousTrigger", "AsynchronousTrigger\AsynchronousTrigger.csproj", "{C72BE8AE-C474-4A30-8CCC-C83059AC6D8C}"
EndProject
Global
	GlobalSection(SolutionConfigurationPlatforms) = preSolution
		Debug|Any CPU = Debug|Any CPU
		Release|Any CPU = Release|Any CPU
	EndGlobalSection
	GlobalSection(ProjectConfigurationPlatforms) = postSolution
		{00683377-A75F-47EB-8934-1484D6480877}.Debug|Any CPU.ActiveCfg = Debug|Any CPU
		{00683377-A75F-47EB-8934-1484D6480877}.Debug|Any CPU.Build.0 = Debug|Any CPU
		{00683377-A75F-47EB-8934-1484D6480877}.Release|Any CPU.ActiveCfg = Release|Any CPU
		{00683377-A75F-47EB-8934-1484D6480877}.Release|Any CPU.Build.0 = Release|Any CPU
		{C72BE8AE-C474-4A30-8CCC-C83059AC6D8C}.Debug|Any CPU.ActiveCfg = Debug|Any CPU
		{C72BE8AE-C474-4A30-8CCC-C83059AC6D8C}.Debug|Any CPU.Build.0 = Debug|Any CPU
		{C72BE8AE-C474-4A30-8CCC-C83059AC6D8C}.Release|Any CPU.ActiveCfg = Release|Any CPU
		{C72BE8AE-C474-4A30-8CCC-C83059AC6D8C}.Release|Any CPU.Build.0 = Release|Any CPU
	EndGlobalSection
	GlobalSection(SolutionProperties) = preSolution
		HideSolutionNode = FALSE
	EndGlobalSection
EndGlobal
