
Microsoft Visual Studio Solution File, Format Version 9.00
# Visual Studio 2005
Project("{FAE04EC0-301F-11D3-BF4B-00C04F79EFBC}") = "ServiceBrokerInterface", "ServiceBrokerInterface\ServiceBrokerInterface.csproj", "{00683377-A75F-47EB-8934-1484D6480877}"
EndProject
Project("{FAE04EC0-301F-11D3-BF4B-00C04F79EFBC}") = "InventoryTargetService", "InventoryTargetService\InventoryTargetService.csproj", "{F194732B-37F6-4AFF-A7C0-53C0D3E241DD}"
EndProject
Project("{FAE04EC0-301F-11D3-BF4B-00C04F79EFBC}") = "InventoryInitiatorService", "InventoryInitiatorService\InventoryInitiatorService.csproj", "{57885CEA-455C-4CF7-83E0-F6C8BA3DA418}"
EndProject
Global
	GlobalSection(SolutionConfigurationPlatforms) = preSolution
		Debug|Any CPU = Debug|Any CPU
		Release|Any CPU = Release|Any CPU
	EndGlobalSection
	GlobalSection(ProjectConfigurationPlatforms) = postSolution
		{00683377-A75F-47EB-8934-1484D6480877}.Debug|Any CPU.ActiveCfg = Debug|Any CPU
		{00683377-A75F-47EB-8934-1484D6480877}.Debug|Any CPU.Build.0 = Debug|Any CPU
		{00683377-A75F-47EB-8934-1484D6480877}.Release|Any CPU.ActiveCfg = Release|Any CPU
		{00683377-A75F-47EB-8934-1484D6480877}.Release|Any CPU.Build.0 = Release|Any CPU
		{F194732B-37F6-4AFF-A7C0-53C0D3E241DD}.Debug|Any CPU.ActiveCfg = Debug|Any CPU
		{F194732B-37F6-4AFF-A7C0-53C0D3E241DD}.Debug|Any CPU.Build.0 = Debug|Any CPU
		{F194732B-37F6-4AFF-A7C0-53C0D3E241DD}.Release|Any CPU.ActiveCfg = Release|Any CPU
		{F194732B-37F6-4AFF-A7C0-53C0D3E241DD}.Release|Any CPU.Build.0 = Release|Any CPU
		{57885CEA-455C-4CF7-83E0-F6C8BA3DA418}.Debug|Any CPU.ActiveCfg = Debug|Any CPU
		{57885CEA-455C-4CF7-83E0-F6C8BA3DA418}.Debug|Any CPU.Build.0 = Debug|Any CPU
		{57885CEA-455C-4CF7-83E0-F6C8BA3DA418}.Release|Any CPU.ActiveCfg = Release|Any CPU
		{57885CEA-455C-4CF7-83E0-F6C8BA3DA418}.Release|Any CPU.Build.0 = Release|Any CPU
	EndGlobalSection
	GlobalSection(SolutionProperties) = preSolution
		HideSolutionNode = FALSE
	EndGlobalSection
EndGlobal
